
Microsoft Visual Studio Solution File, Format Version 12.00
# Visual Studio 14
VisualStudioVersion = 14.0.25123.0
MinimumVisualStudioVersion = 10.0.40219.1
Project("{FAE04EC0-301F-11D3-BF4B-00C04F79EFBC}") = "StaticSiteCrawler", "StaticSiteCrawler\StaticSiteCrawler.csproj", "{C92BD341-24A3-4DE5-8EE7-617872752E80}"
EndProject
Global
	GlobalSection(SolutionConfigurationPlatforms) = preSolution
		Debug|Any CPU = Debug|Any CPU
		Release|Any CPU = Release|Any CPU
	EndGlobalSection
	GlobalSection(ProjectConfigurationPlatforms) = postSolution
		{C92BD341-24A3-4DE5-8EE7-617872752E80}.Debug|Any CPU.ActiveCfg = Debug|Any CPU
		{C92BD341-24A3-4DE5-8EE7-617872752E80}.Debug|Any CPU.Build.0 = Debug|Any CPU
		{C92BD341-24A3-4DE5-8EE7-617872752E80}.Release|Any CPU.ActiveCfg = Release|Any CPU
		{C92BD341-24A3-4DE5-8EE7-617872752E80}.Release|Any CPU.Build.0 = Release|Any CPU
	EndGlobalSection
	GlobalSection(SolutionProperties) = preSolution
		HideSolutionNode = FALSE
	EndGlobalSection
EndGlobal
